
Microsoft Visual Studio Solution File, Format Version 12.00
# Visual Studio Version 16
VisualStudioVersion = 16.0.31005.135
MinimumVisualStudioVersion = 10.0.40219.1
Project("{FAE04EC0-301F-11D3-BF4B-00C04F79EFBC}") = "OrderCalc", "OrderCalc\OrderCalc.csproj", "{BCBE30F2-971C-4EA6-BE4F-6EA4D5E48474}"
EndProject
Global
	GlobalSection(SolutionConfigurationPlatforms) = preSolution
		Debug|Any CPU = Debug|Any CPU
		Release|Any CPU = Release|Any CPU
	EndGlobalSection
	GlobalSection(ProjectConfigurationPlatforms) = postSolution
		{BCBE30F2-971C-4EA6-BE4F-6EA4D5E48474}.Debug|Any CPU.ActiveCfg = Debug|Any CPU
		{BCBE30F2-971C-4EA6-BE4F-6EA4D5E48474}.Debug|Any CPU.Build.0 = Debug|Any CPU
		{BCBE30F2-971C-4EA6-BE4F-6EA4D5E48474}.Release|Any CPU.ActiveCfg = Release|Any CPU
		{BCBE30F2-971C-4EA6-BE4F-6EA4D5E48474}.Release|Any CPU.Build.0 = Release|Any CPU
	EndGlobalSection
	GlobalSection(SolutionProperties) = preSolution
		HideSolutionNode = FALSE
	EndGlobalSection
	GlobalSection(ExtensibilityGlobals) = postSolution
		SolutionGuid = {34A9B8ED-27F7-4125-ACBB-215E083C8612}
	EndGlobalSection
EndGlobal
